
Microsoft Visual Studio Solution File, Format Version 12.00
# Visual Studio 15
VisualStudioVersion = 15.0.26124.0
MinimumVisualStudioVersion = 15.0.26124.0
Project("{FAE04EC0-301F-11D3-BF4B-00C04F79EFBC}") = "WinPath.Tests", "WinPath.Tests\WinPath.Tests.csproj", "{439E7EA2-A3E0-4E8E-9876-5456BBB9877F}"
EndProject
Project("{FAE04EC0-301F-11D3-BF4B-00C04F79EFBC}") = "WinPath", "WinPath\WinPath.csproj", "{DED86C4B-39AD-407E-913E-9F3805D4459F}"
EndProject
Global
	GlobalSection(SolutionConfigurationPlatforms) = preSolution
		Debug|Any CPU = Debug|Any CPU
		Debug|x64 = Debug|x64
		Debug|x86 = Debug|x86
		Release|Any CPU = Release|Any CPU
		Release|x64 = Release|x64
		Release|x86 = Release|x86
	EndGlobalSection
	GlobalSection(SolutionProperties) = preSolution
		HideSolutionNode = FALSE
	EndGlobalSection
	GlobalSection(ProjectConfigurationPlatforms) = postSolution
		{439E7EA2-A3E0-4E8E-9876-5456BBB9877F}.Debug|Any CPU.ActiveCfg = Debug|Any CPU
		{439E7EA2-A3E0-4E8E-9876-5456BBB9877F}.Debug|Any CPU.Build.0 = Debug|Any CPU
		{439E7EA2-A3E0-4E8E-9876-5456BBB9877F}.Debug|x64.ActiveCfg = Debug|Any CPU
		{439E7EA2-A3E0-4E8E-9876-5456BBB9877F}.Debug|x64.Build.0 = Debug|Any CPU
		{439E7EA2-A3E0-4E8E-9876-5456BBB9877F}.Debug|x86.ActiveCfg = Debug|Any CPU
		{439E7EA2-A3E0-4E8E-9876-5456BBB9877F}.Debug|x86.Build.0 = Debug|Any CPU
		{439E7EA2-A3E0-4E8E-9876-5456BBB9877F}.Release|Any CPU.ActiveCfg = Release|Any CPU
		{439E7EA2-A3E0-4E8E-9876-5456BBB9877F}.Release|Any CPU.Build.0 = Release|Any CPU
		{439E7EA2-A3E0-4E8E-9876-5456BBB9877F}.Release|x64.ActiveCfg = Release|Any CPU
		{439E7EA2-A3E0-4E8E-9876-5456BBB9877F}.Release|x64.Build.0 = Release|Any CPU
		{439E7EA2-A3E0-4E8E-9876-5456BBB9877F}.Release|x86.ActiveCfg = Release|Any CPU
		{439E7EA2-A3E0-4E8E-9876-5456BBB9877F}.Release|x86.Build.0 = Release|Any CPU
		{DED86C4B-39AD-407E-913E-9F3805D4459F}.Debug|Any CPU.ActiveCfg = Debug|Any CPU
		{DED86C4B-39AD-407E-913E-9F3805D4459F}.Debug|Any CPU.Build.0 = Debug|Any CPU
		{DED86C4B-39AD-407E-913E-9F3805D4459F}.Debug|x64.ActiveCfg = Debug|Any CPU
		{DED86C4B-39AD-407E-913E-9F3805D4459F}.Debug|x64.Build.0 = Debug|Any CPU
		{DED86C4B-39AD-407E-913E-9F3805D4459F}.Debug|x86.ActiveCfg = Debug|Any CPU
		{DED86C4B-39AD-407E-913E-9F3805D4459F}.Debug|x86.Build.0 = Debug|Any CPU
		{DED86C4B-39AD-407E-913E-9F3805D4459F}.Release|Any CPU.ActiveCfg = Release|Any CPU
		{DED86C4B-39AD-407E-913E-9F3805D4459F}.Release|Any CPU.Build.0 = Release|Any CPU
		{DED86C4B-39AD-407E-913E-9F3805D4459F}.Release|x64.ActiveCfg = Release|Any CPU
		{DED86C4B-39AD-407E-913E-9F3805D4459F}.Release|x64.Build.0 = Release|Any CPU
		{DED86C4B-39AD-407E-913E-9F3805D4459F}.Release|x86.ActiveCfg = Release|Any CPU
		{DED86C4B-39AD-407E-913E-9F3805D4459F}.Release|x86.Build.0 = Release|Any CPU
	EndGlobalSection
EndGlobal
